
Microsoft Visual Studio Solution File, Format Version 12.00
# Visual Studio Version 17
VisualStudioVersion = 17.0.31903.59
MinimumVisualStudioVersion = 10.0.40219.1
Project("{FAE04EC0-301F-11D3-BF4B-00C04F79EFBC}") = "GrpcServer", "GrpcServer.csproj", "{970356E0-0574-4B47-BE46-DA4D38B40A51}"
EndProject
Project("{FAE04EC0-301F-11D3-BF4B-00C04F79EFBC}") = "GrpcConsoleClient", "..\GrpcConsoleClient\GrpcConsoleClient.csproj", "{29466C3D-F6CB-490E-9A9B-0653970E5A92}"
EndProject
Global
	GlobalSection(SolutionConfigurationPlatforms) = preSolution
		Debug|Any CPU = Debug|Any CPU
		Release|Any CPU = Release|Any CPU
	EndGlobalSection
	GlobalSection(ProjectConfigurationPlatforms) = postSolution
		{970356E0-0574-4B47-BE46-DA4D38B40A51}.Debug|Any CPU.ActiveCfg = Debug|Any CPU
		{970356E0-0574-4B47-BE46-DA4D38B40A51}.Debug|Any CPU.Build.0 = Debug|Any CPU
		{970356E0-0574-4B47-BE46-DA4D38B40A51}.Release|Any CPU.ActiveCfg = Release|Any CPU
		{970356E0-0574-4B47-BE46-DA4D38B40A51}.Release|Any CPU.Build.0 = Release|Any CPU
		{29466C3D-F6CB-490E-9A9B-0653970E5A92}.Debug|Any CPU.ActiveCfg = Debug|Any CPU
		{29466C3D-F6CB-490E-9A9B-0653970E5A92}.Debug|Any CPU.Build.0 = Debug|Any CPU
		{29466C3D-F6CB-490E-9A9B-0653970E5A92}.Release|Any CPU.ActiveCfg = Release|Any CPU
		{29466C3D-F6CB-490E-9A9B-0653970E5A92}.Release|Any CPU.Build.0 = Release|Any CPU
	EndGlobalSection
	GlobalSection(SolutionProperties) = preSolution
		HideSolutionNode = FALSE
	EndGlobalSection
	GlobalSection(ExtensibilityGlobals) = postSolution
		SolutionGuid = {2F529F4F-96E2-4C97-9B09-A2F2E3F9118A}
	EndGlobalSection
EndGlobal
